
Microsoft Visual Studio Solution File, Format Version 12.00
# Visual Studio Version 17
VisualStudioVersion = 17.5.33530.505
MinimumVisualStudioVersion = 10.0.40219.1
Project("{FAE04EC0-301F-11D3-BF4B-00C04F79EFBC}") = "Reflection", "Reflection.csproj", "{C107CA56-8DBC-4CAC-8A8D-892BD5A86BE2}"
EndProject
Project("{FAE04EC0-301F-11D3-BF4B-00C04F79EFBC}") = "Delegates", "..\Delegates\Delegates.csproj", "{6B45EDA0-9A38-4A9B-BFEF-D65D4772458E}"
EndProject
Global
	GlobalSection(SolutionConfigurationPlatforms) = preSolution
		Debug|Any CPU = Debug|Any CPU
		Release|Any CPU = Release|Any CPU
	EndGlobalSection
	GlobalSection(ProjectConfigurationPlatforms) = postSolution
		{C107CA56-8DBC-4CAC-8A8D-892BD5A86BE2}.Debug|Any CPU.ActiveCfg = Debug|Any CPU
		{C107CA56-8DBC-4CAC-8A8D-892BD5A86BE2}.Debug|Any CPU.Build.0 = Debug|Any CPU
		{C107CA56-8DBC-4CAC-8A8D-892BD5A86BE2}.Release|Any CPU.ActiveCfg = Release|Any CPU
		{C107CA56-8DBC-4CAC-8A8D-892BD5A86BE2}.Release|Any CPU.Build.0 = Release|Any CPU
		{6B45EDA0-9A38-4A9B-BFEF-D65D4772458E}.Debug|Any CPU.ActiveCfg = Debug|Any CPU
		{6B45EDA0-9A38-4A9B-BFEF-D65D4772458E}.Debug|Any CPU.Build.0 = Debug|Any CPU
		{6B45EDA0-9A38-4A9B-BFEF-D65D4772458E}.Release|Any CPU.ActiveCfg = Release|Any CPU
		{6B45EDA0-9A38-4A9B-BFEF-D65D4772458E}.Release|Any CPU.Build.0 = Release|Any CPU
	EndGlobalSection
	GlobalSection(SolutionProperties) = preSolution
		HideSolutionNode = FALSE
	EndGlobalSection
	GlobalSection(ExtensibilityGlobals) = postSolution
		SolutionGuid = {EAA42D4F-228C-48FF-8CD5-91B024BD6896}
	EndGlobalSection
EndGlobal
